
Microsoft Visual Studio Solution File, Format Version 12.00
# Visual Studio 2013
VisualStudioVersion = 12.0.30501.0
MinimumVisualStudioVersion = 10.0.40219.1
Project("{8BC9CEB8-8B4A-11D0-8D11-00A0C91BC942}") = "factoryPattern", "factoryPattern\factoryPattern.vcxproj", "{A7536059-1BC0-40B2-B557-0FAA4E8A74A9}"
EndProject
Project("{8BC9CEB8-8B4A-11D0-8D11-00A0C91BC942}") = "SingletonPattern", "SingletonPattern\SingletonPattern.vcxproj", "{6FBC6DB5-4AA7-4796-AFFD-D35EBA8B7DEF}"
EndProject
Project("{8BC9CEB8-8B4A-11D0-8D11-00A0C91BC942}") = "PrototypePattern", "PrototypePattern\PrototypePattern.vcxproj", "{A94CB816-D413-491F-BD2A-9A8140707D42}"
EndProject
Project("{8BC9CEB8-8B4A-11D0-8D11-00A0C91BC942}") = "AdapterPattern", "AdapterPattern\AdapterPattern.vcxproj", "{59CB2554-54BD-4E2E-8AEA-4F50EF54CE31}"
EndProject
Project("{8BC9CEB8-8B4A-11D0-8D11-00A0C91BC942}") = "BridgePattern", "BridgePattern\BridgePattern.vcxproj", "{6C28629C-3BF3-4EB7-87AD-1A641DB2C090}"
EndProject
Global
	GlobalSection(SolutionConfigurationPlatforms) = preSolution
		Debug|Win32 = Debug|Win32
		Release|Win32 = Release|Win32
	EndGlobalSection
	GlobalSection(ProjectConfigurationPlatforms) = postSolution
		{A7536059-1BC0-40B2-B557-0FAA4E8A74A9}.Debug|Win32.ActiveCfg = Debug|Win32
		{A7536059-1BC0-40B2-B557-0FAA4E8A74A9}.Debug|Win32.Build.0 = Debug|Win32
		{A7536059-1BC0-40B2-B557-0FAA4E8A74A9}.Release|Win32.ActiveCfg = Release|Win32
		{A7536059-1BC0-40B2-B557-0FAA4E8A74A9}.Release|Win32.Build.0 = Release|Win32
		{6FBC6DB5-4AA7-4796-AFFD-D35EBA8B7DEF}.Debug|Win32.ActiveCfg = Debug|Win32
		{6FBC6DB5-4AA7-4796-AFFD-D35EBA8B7DEF}.Debug|Win32.Build.0 = Debug|Win32
		{6FBC6DB5-4AA7-4796-AFFD-D35EBA8B7DEF}.Release|Win32.ActiveCfg = Release|Win32
		{6FBC6DB5-4AA7-4796-AFFD-D35EBA8B7DEF}.Release|Win32.Build.0 = Release|Win32
		{A94CB816-D413-491F-BD2A-9A8140707D42}.Debug|Win32.ActiveCfg = Debug|Win32
		{A94CB816-D413-491F-BD2A-9A8140707D42}.Debug|Win32.Build.0 = Debug|Win32
		{A94CB816-D413-491F-BD2A-9A8140707D42}.Release|Win32.ActiveCfg = Release|Win32
		{A94CB816-D413-491F-BD2A-9A8140707D42}.Release|Win32.Build.0 = Release|Win32
		{59CB2554-54BD-4E2E-8AEA-4F50EF54CE31}.Debug|Win32.ActiveCfg = Debug|Win32
		{59CB2554-54BD-4E2E-8AEA-4F50EF54CE31}.Debug|Win32.Build.0 = Debug|Win32
		{59CB2554-54BD-4E2E-8AEA-4F50EF54CE31}.Release|Win32.ActiveCfg = Release|Win32
		{59CB2554-54BD-4E2E-8AEA-4F50EF54CE31}.Release|Win32.Build.0 = Release|Win32
		{6C28629C-3BF3-4EB7-87AD-1A641DB2C090}.Debug|Win32.ActiveCfg = Debug|Win32
		{6C28629C-3BF3-4EB7-87AD-1A641DB2C090}.Debug|Win32.Build.0 = Debug|Win32
		{6C28629C-3BF3-4EB7-87AD-1A641DB2C090}.Release|Win32.ActiveCfg = Release|Win32
		{6C28629C-3BF3-4EB7-87AD-1A641DB2C090}.Release|Win32.Build.0 = Release|Win32
	EndGlobalSection
	GlobalSection(SolutionProperties) = preSolution
		HideSolutionNode = FALSE
	EndGlobalSection
EndGlobal
